// !$*UTF8*$!
{
	archiveVersion = 1;
	classes = {
	};
	objectVersion = 100;
	objects = {

/* Begin PBXBuildFile section */
		E30920852C23FF0600B6D264 /* rTermApp.swift in Sources */ = {isa = PBXBuildFile; fileRef = E30920842C23FF0600B6D264 /* rTermApp.swift */; };
		E30920872C23FF0600B6D264 /* ContentView.swift in Sources */ = {isa = PBXBuildFile; fileRef = E30920862C23FF0600B6D264 /* ContentView.swift */; };
		E30920892C23FF0700B6D264 /* Assets.xcassets in Resources */ = {isa = PBXBuildFile; fileRef = E30920882C23FF0700B6D264 /* Assets.xcassets */; };
		E309208C2C23FF0700B6D264 /* Preview Assets.xcassets in Resources */ = {isa = PBXBuildFile; fileRef = E309208B2C23FF0700B6D264 /* Preview Assets.xcassets */; };
		E30920972C23FF0800B6D264 /* rTermTests.swift in Sources */ = {isa = PBXBuildFile; fileRef = E30920962C23FF0800B6D264 /* rTermTests.swift */; };
		E30920A12C23FF0800B6D264 /* rTermUITests.swift in Sources */ = {isa = PBXBuildFile; fileRef = E30920A02C23FF0800B6D264 /* rTermUITests.swift */; };
		E30920A32C23FF0800B6D264 /* rTermUITestsLaunchTests.swift in Sources */ = {isa = PBXBuildFile; fileRef = E30920A22C23FF0800B6D264 /* rTermUITestsLaunchTests.swift */; };
		E30920C32C23FF6800B6D264 /* TermCoreTests.swift in Sources */ = {isa = PBXBuildFile; fileRef = E30920C22C23FF6800B6D264 /* TermCoreTests.swift */; };
		E30920C42C23FF6800B6D264 /* TermCore.h in Headers */ = {isa = PBXBuildFile; fileRef = E30920B62C23FF6800B6D264 /* TermCore.h */; settings = {ATTRIBUTES = (Public, ); }; };
		E30920DD2C23FF7800B6D264 /* TermUI.framework in Frameworks */ = {isa = PBXBuildFile; fileRef = E30920D52C23FF7800B6D264 /* TermUI.framework */; };
		E30920E42C23FF7800B6D264 /* TermUITests.swift in Sources */ = {isa = PBXBuildFile; fileRef = E30920E32C23FF7800B6D264 /* TermUITests.swift */; };
		E30920E52C23FF7800B6D264 /* TermUI.h in Headers */ = {isa = PBXBuildFile; fileRef = E30920D72C23FF7800B6D264 /* TermUI.h */; settings = {ATTRIBUTES = (Public, ); }; };
		E30920E82C23FF7800B6D264 /* TermUI.framework in Frameworks */ = {isa = PBXBuildFile; fileRef = E30920D52C23FF7800B6D264 /* TermUI.framework */; };
		E30920E92C23FF7800B6D264 /* TermUI.framework in Embed Frameworks */ = {isa = PBXBuildFile; fileRef = E30920D52C23FF7800B6D264 /* TermUI.framework */; settings = {ATTRIBUTES = (CodeSignOnCopy, RemoveHeadersOnCopy, ); }; };
		E342B09F2F89BA9200AE8AE8 /* TermCore.framework in Frameworks */ = {isa = PBXBuildFile; fileRef = E30920B42C23FF6800B6D264 /* TermCore.framework */; };
		E342B0A02F89BA9200AE8AE8 /* TermCore.framework in Embed Frameworks */ = {isa = PBXBuildFile; fileRef = E30920B42C23FF6800B6D264 /* TermCore.framework */; settings = {ATTRIBUTES = (CodeSignOnCopy, RemoveHeadersOnCopy, ); }; };
		E352C4192C2A851400A15DE9 /* AsyncAlgorithms in Frameworks */ = {isa = PBXBuildFile; productRef = E352C4182C2A851400A15DE9 /* AsyncAlgorithms */; };
		E36EA6F92C73BECC00F9A403 /* RingBuffer.swift in Sources */ = {isa = PBXBuildFile; fileRef = E36EA6F82C73BECC00F9A403 /* RingBuffer.swift */; };
		E3984D1D2F881BBA00E1859B /* TermCore.framework in Frameworks */ = {isa = PBXBuildFile; fileRef = E30920B42C23FF6800B6D264 /* TermCore.framework */; };
		E3984D1E2F881BBA00E1859B /* TermCore.framework in Embed Frameworks */ = {isa = PBXBuildFile; fileRef = E30920B42C23FF6800B6D264 /* TermCore.framework */; settings = {ATTRIBUTES = (CodeSignOnCopy, RemoveHeadersOnCopy, ); }; };
		E39E64782C3DC7BA0035B75D /* CircularCollection.swift in Sources */ = {isa = PBXBuildFile; fileRef = E39E64772C3DC7BA0035B75D /* CircularCollection.swift */; };
		E3A901012FA90100001A0001 /* TerminalIntegrationTests.swift in Sources */ = {isa = PBXBuildFile; fileRef = E3A901002FA90100001A0001 /* TerminalIntegrationTests.swift */; };
		E3AA01022C80A10000AA0001 /* TerminalEvent.swift in Sources */ = {isa = PBXBuildFile; fileRef = E3AA01012C80A10000AA0001 /* TerminalEvent.swift */; };
		E3AA01042C80A10000AA0001 /* TerminalParser.swift in Sources */ = {isa = PBXBuildFile; fileRef = E3AA01032C80A10000AA0001 /* TerminalParser.swift */; };
		E3AA01062C80A10000AA0001 /* Cell.swift in Sources */ = {isa = PBXBuildFile; fileRef = E3AA01052C80A10000AA0001 /* Cell.swift */; };
		E3AA01082C80A10000AA0001 /* ScreenModel.swift in Sources */ = {isa = PBXBuildFile; fileRef = E3AA01072C80A10000AA0001 /* ScreenModel.swift */; };
		E3AA010A2C80A10000AA0001 /* TerminalParserTests.swift in Sources */ = {isa = PBXBuildFile; fileRef = E3AA01092C80A10000AA0001 /* TerminalParserTests.swift */; };
		E3AA010C2C80A10000AA0001 /* ScreenModelTests.swift in Sources */ = {isa = PBXBuildFile; fileRef = E3AA010B2C80A10000AA0001 /* ScreenModelTests.swift */; };
		E3AA010E2C80A10000AA0001 /* KeyEncoder.swift in Sources */ = {isa = PBXBuildFile; fileRef = E3AA010D2C80A10000AA0001 /* KeyEncoder.swift */; };
		E3AA01102C80A20000AA0001 /* KeyEncoderTests.swift in Sources */ = {isa = PBXBuildFile; fileRef = E3AA010F2C80A20000AA0001 /* KeyEncoderTests.swift */; };
		E3BA01022C80B10000BA0001 /* GlyphAtlas.swift in Sources */ = {isa = PBXBuildFile; fileRef = E3BA01012C80B10000BA0001 /* GlyphAtlas.swift */; };
		E3BB01112C80B10000BB0001 /* Shaders.metal in Sources */ = {isa = PBXBuildFile; fileRef = E3BB01102C80B10000BB0001 /* Shaders.metal */; };
		E3C634DC2C34B23D00BF09C7 /* TermMessage.swift in Sources */ = {isa = PBXBuildFile; fileRef = E3C634DB2C34B23D00BF09C7 /* TermMessage.swift */; };
		E3C634DF2C34BDEB00BF09C7 /* Logging.swift in Sources */ = {isa = PBXBuildFile; fileRef = E3C634DE2C34BDEB00BF09C7 /* Logging.swift */; };
		E3C634E12C3507E800BF09C7 /* ScreenBuffer.swift in Sources */ = {isa = PBXBuildFile; fileRef = E3C634E02C3507E800BF09C7 /* ScreenBuffer.swift */; };
		E3C6C9142C251E8600D1AC70 /* Shell.swift in Sources */ = {isa = PBXBuildFile; fileRef = E3C6C9132C251E8600D1AC70 /* Shell.swift */; };
		E3CA58C12C3DF1D1008E8E05 /* TermView.swift in Sources */ = {isa = PBXBuildFile; fileRef = E3CA58C02C3DF1D1008E8E05 /* TermView.swift */; };
		E3CA58D12C3DF1D1008E8E05 /* RenderCoordinator.swift in Sources */ = {isa = PBXBuildFile; fileRef = E3CA58D02C3DF1D1008E8E05 /* RenderCoordinator.swift */; };
		E3CC01022F87A10000CC0001 /* PseudoTerminalTests.swift in Sources */ = {isa = PBXBuildFile; fileRef = E3CC01012F87A10000CC0001 /* PseudoTerminalTests.swift */; };
		E3D8EC1F2FA3CD6200343D51 /* rtermd in Embed rTermd in bundle */ = {isa = PBXBuildFile; fileRef = E3CD420F2F88B8D200B5D830 /* rtermd */; settings = {ATTRIBUTES = (CodeSignOnCopy, ); }; };
		E3DC01012F89B10000DC0001 /* DaemonClient.swift in Sources */ = {isa = PBXBuildFile; fileRef = E3DC01002F89B10000DC0001 /* DaemonClient.swift */; };
		E3DD01012F88C10000DD0001 /* CodableTests.swift in Sources */ = {isa = PBXBuildFile; fileRef = E3DD01002F88C10000DD0001 /* CodableTests.swift */; };
		E3E00EDF2C277F8E00DE1213 /* Agent.swift in Sources */ = {isa = PBXBuildFile; fileRef = E3E00EDE2C277F8E00DE1213 /* Agent.swift */; };
		E3E00EE32C27816600DE1213 /* PseudoTerminal.swift in Sources */ = {isa = PBXBuildFile; fileRef = E3E00EE22C27816600DE1213 /* PseudoTerminal.swift */; };
		E3E00EE52C2781CC00DE1213 /* PTY.swift in Sources */ = {isa = PBXBuildFile; fileRef = E3E00EE42C2781CC00DE1213 /* PTY.swift */; };
		E3EE01012F88D10000EE0001 /* DaemonProtocol.swift in Sources */ = {isa = PBXBuildFile; fileRef = E3EE01002F88D10000EE0001 /* DaemonProtocol.swift */; };
		E3EE01032F88D10000EE0002 /* DaemonProtocolTests.swift in Sources */ = {isa = PBXBuildFile; fileRef = E3EE01022F88D10000EE0002 /* DaemonProtocolTests.swift */; };
		E3F1CA022F900110001F0001 /* TerminalColor.swift in Sources */ = {isa = PBXBuildFile; fileRef = E3F1CA012F900110001F0001 /* TerminalColor.swift */; };
		E3F1CA042F900110001F0001 /* CellStyle.swift in Sources */ = {isa = PBXBuildFile; fileRef = E3F1CA032F900110001F0001 /* CellStyle.swift */; };
		E3F1CA062F900110001F0001 /* CellStyleTests.swift in Sources */ = {isa = PBXBuildFile; fileRef = E3F1CA052F900110001F0001 /* CellStyleTests.swift */; };
		E3F2CA022F900120001F0001 /* C0Control.swift in Sources */ = {isa = PBXBuildFile; fileRef = E3F2CA012F900120001F0001 /* C0Control.swift */; };
		E3F2CA042F900120001F0001 /* CSICommand.swift in Sources */ = {isa = PBXBuildFile; fileRef = E3F2CA032F900120001F0001 /* CSICommand.swift */; };
		E3F2CA062F900120001F0001 /* OSCCommand.swift in Sources */ = {isa = PBXBuildFile; fileRef = E3F2CA052F900120001F0001 /* OSCCommand.swift */; };
		E3F2CA082F900120001F0001 /* SGRAttribute.swift in Sources */ = {isa = PBXBuildFile; fileRef = E3F2CA072F900120001F0001 /* SGRAttribute.swift */; };
		E3F2CA0A2F900120001F0001 /* DECPrivateMode.swift in Sources */ = {isa = PBXBuildFile; fileRef = E3F2CA092F900120001F0001 /* DECPrivateMode.swift */; };
		E3F3CA022F900130001F0001 /* TerminalModes.swift in Sources */ = {isa = PBXBuildFile; fileRef = E3F3CA012F900130001F0001 /* TerminalModes.swift */; };
		E3F7CA022F900170001F0001 /* AttachPayload.swift in Sources */ = {isa = PBXBuildFile; fileRef = E3F7CA012F900170001F0001 /* AttachPayload.swift */; };
		E3F8CA022F900180001F0001 /* RGBA.swift in Sources */ = {isa = PBXBuildFile; fileRef = E3F8CA012F900180001F0001 /* RGBA.swift */; };
		E3F8CA042F900180001F0001 /* ColorDepth.swift in Sources */ = {isa = PBXBuildFile; fileRef = E3F8CA032F900180001F0001 /* ColorDepth.swift */; };
		E3F8CA062F900180001F0001 /* TerminalPalette.swift in Sources */ = {isa = PBXBuildFile; fileRef = E3F8CA052F900180001F0001 /* TerminalPalette.swift */; };
		E3F8CA082F900180001F0001 /* AppSettings.swift in Sources */ = {isa = PBXBuildFile; fileRef = E3F8CA072F900180001F0001 /* AppSettings.swift */; };
		E3F8CA0A2F900180001F0001 /* ColorProjection.swift in Sources */ = {isa = PBXBuildFile; fileRef = E3F8CA092F900180001F0001 /* ColorProjection.swift */; };
		E3F8CA0C2F900180001F0001 /* ColorProjectionTests.swift in Sources */ = {isa = PBXBuildFile; fileRef = E3F8CA0B2F900180001F0001 /* ColorProjectionTests.swift */; };
		E3F9CA022F900190001F0001 /* ScreenSnapshot.swift in Sources */ = {isa = PBXBuildFile; fileRef = E3F9CA012F900190001F0001 /* ScreenSnapshot.swift */; };
		E3FA01022FA90600001A0001 /* ScrollbackHistory.swift in Sources */ = {isa = PBXBuildFile; fileRef = E3FA01012FA90600001A0001 /* ScrollbackHistory.swift */; };
		E3FA01042FA90600001A0001 /* ScrollbackHistoryTests.swift in Sources */ = {isa = PBXBuildFile; fileRef = E3FA01032FA90600001A0001 /* ScrollbackHistoryTests.swift */; };
		E3FF01002F89A10000FF0001 /* TermCore.framework in Frameworks */ = {isa = PBXBuildFile; fileRef = E30920B42C23FF6800B6D264 /* TermCore.framework */; };
/* End PBXBuildFile section */

/* Begin PBXContainerItemProxy section */
		E30920932C23FF0800B6D264 /* PBXContainerItemProxy */ = {
			isa = PBXContainerItemProxy;
			containerPortal = E30920792C23FF0600B6D264 /* Project object */;
			proxyType = 1;
			remoteGlobalIDString = E30920802C23FF0600B6D264;
			remoteInfo = rTerm;
		};
		E309209D2C23FF0800B6D264 /* PBXContainerItemProxy */ = {
			isa = PBXContainerItemProxy;
			containerPortal = E30920792C23FF0600B6D264 /* Project object */;
			proxyType = 1;
			remoteGlobalIDString = E30920802C23FF0600B6D264;
			remoteInfo = rTerm;
		};
		E30920BD2C23FF6800B6D264 /* PBXContainerItemProxy */ = {
			isa = PBXContainerItemProxy;
			containerPortal = E30920792C23FF0600B6D264 /* Project object */;
			proxyType = 1;
			remoteGlobalIDString = E30920B32C23FF6800B6D264;
			remoteInfo = TermCore;
		};
		E30920BF2C23FF6800B6D264 /* PBXContainerItemProxy */ = {
			isa = PBXContainerItemProxy;
			containerPortal = E30920792C23FF0600B6D264 /* Project object */;
			proxyType = 1;
			remoteGlobalIDString = E30920802C23FF0600B6D264;
			remoteInfo = rTerm;
		};
		E30920C52C23FF6800B6D264 /* PBXContainerItemProxy */ = {
			isa = PBXContainerItemProxy;
			containerPortal = E30920792C23FF0600B6D264 /* Project object */;
			proxyType = 1;
			remoteGlobalIDString = E30920B32C23FF6800B6D264;
			remoteInfo = TermCore;
		};
		E30920DE2C23FF7800B6D264 /* PBXContainerItemProxy */ = {
			isa = PBXContainerItemProxy;
			containerPortal = E30920792C23FF0600B6D264 /* Project object */;
			proxyType = 1;
			remoteGlobalIDString = E30920D42C23FF7800B6D264;
			remoteInfo = TermUI;
		};
		E30920E02C23FF7800B6D264 /* PBXContainerItemProxy */ = {
			isa = PBXContainerItemProxy;
			containerPortal = E30920792C23FF0600B6D264 /* Project object */;
			proxyType = 1;
			remoteGlobalIDString = E30920802C23FF0600B6D264;
			remoteInfo = rTerm;
		};
		E30920E62C23FF7800B6D264 /* PBXContainerItemProxy */ = {
			isa = PBXContainerItemProxy;
			containerPortal = E30920792C23FF0600B6D264 /* Project object */;
			proxyType = 1;
			remoteGlobalIDString = E30920D42C23FF7800B6D264;
			remoteInfo = TermUI;
		};
		E3CDC3042F89597200B5D830 /* PBXContainerItemProxy */ = {
			isa = PBXContainerItemProxy;
			containerPortal = E30920792C23FF0600B6D264 /* Project object */;
			proxyType = 1;
			remoteGlobalIDString = E3CD420E2F88B8D200B5D830;
			remoteInfo = rtermd;
		};
		E3FF01022F89A10000FF0003 /* PBXContainerItemProxy */ = {
			isa = PBXContainerItemProxy;
			containerPortal = E30920792C23FF0600B6D264 /* Project object */;
			proxyType = 1;
			remoteGlobalIDString = E30920B32C23FF6800B6D264;
			remoteInfo = TermCore;
		};
/* End PBXContainerItemProxy section */

/* Begin PBXCopyFilesBuildPhase section */
		E30920C92C23FF6800B6D264 /* Embed Frameworks */ = {
			isa = PBXCopyFilesBuildPhase;
			dstPath = "";
			dstSubfolder = Frameworks;
			files = (
				E30920E92C23FF7800B6D264 /* TermUI.framework in Embed Frameworks */,
				E342B0A02F89BA9200AE8AE8 /* TermCore.framework in Embed Frameworks */,
			);
			name = "Embed Frameworks";
		};
		E3984D1F2F881BBA00E1859B /* Embed Frameworks */ = {
			isa = PBXCopyFilesBuildPhase;
			dstPath = "";
			dstSubfolder = Frameworks;
			files = (
				E3984D1E2F881BBA00E1859B /* TermCore.framework in Embed Frameworks */,
			);
			name = "Embed Frameworks";
		};
		E3CD0BBC2F89882100B5D830 /* Copy launchd plist */ = {
			isa = PBXCopyFilesBuildPhase;
			dstPath = Contents/Library/LaunchAgents;
			dstSubfolder = Wrapper;
			files = (
			);
			name = "Copy launchd plist";
		};
		E3CD420D2F88B8D200B5D830 /* CopyFiles */ = {
			isa = PBXCopyFilesBuildPhase;
			dstPath = /usr/share/man/man1/;
			dstSubfolder = None;
			files = (
			);
			runOnlyForDeploymentPostprocessing = 1;
		};
		E3D8EC1E2FA3CC3F00343D51 /* Embed rTermd in bundle */ = {
			isa = PBXCopyFilesBuildPhase;
			dstPath = "";
			dstSubfolder = Executables;
			files = (
				E3D8EC1F2FA3CD6200343D51 /* rtermd in Embed rTermd in bundle */,
			);
			name = "Embed rTermd in bundle";
		};
/* End PBXCopyFilesBuildPhase section */

/* Begin PBXFileReference section */
		E30920812C23FF0600B6D264 /* rTerm.app */ = {isa = PBXFileReference; explicitFileType = wrapper.application; includeInIndex = 0; path = rTerm.app; sourceTree = BUILT_PRODUCTS_DIR; };
		E30920842C23FF0600B6D264 /* rTermApp.swift */ = {isa = PBXFileReference; lastKnownFileType = sourcecode.swift; path = rTermApp.swift; sourceTree = "<group>"; };
		E30920862C23FF0600B6D264 /* ContentView.swift */ = {isa = PBXFileReference; lastKnownFileType = sourcecode.swift; path = ContentView.swift; sourceTree = "<group>"; };
		E30920882C23FF0700B6D264 /* Assets.xcassets */ = {isa = PBXFileReference; lastKnownFileType = folder.assetcatalog; path = Assets.xcassets; sourceTree = "<group>"; };
		E309208B2C23FF0700B6D264 /* Preview Assets.xcassets */ = {isa = PBXFileReference; lastKnownFileType = folder.assetcatalog; path = "Preview Assets.xcassets"; sourceTree = "<group>"; };
		E30920922C23FF0800B6D264 /* rTermTests.xctest */ = {isa = PBXFileReference; explicitFileType = wrapper.cfbundle; includeInIndex = 0; path = rTermTests.xctest; sourceTree = BUILT_PRODUCTS_DIR; };
		E30920962C23FF0800B6D264 /* rTermTests.swift */ = {isa = PBXFileReference; lastKnownFileType = sourcecode.swift; path = rTermTests.swift; sourceTree = "<group>"; };
		E309209C2C23FF0800B6D264 /* rTermUITests.xctest */ = {isa = PBXFileReference; explicitFileType = wrapper.cfbundle; includeInIndex = 0; path = rTermUITests.xctest; sourceTree = BUILT_PRODUCTS_DIR; };
		E30920A02C23FF0800B6D264 /* rTermUITests.swift */ = {isa = PBXFileReference; lastKnownFileType = sourcecode.swift; path = rTermUITests.swift; sourceTree = "<group>"; };
		E30920A22C23FF0800B6D264 /* rTermUITestsLaunchTests.swift */ = {isa = PBXFileReference; lastKnownFileType = sourcecode.swift; path = rTermUITestsLaunchTests.swift; sourceTree = "<group>"; };
		E30920B42C23FF6800B6D264 /* TermCore.framework */ = {isa = PBXFileReference; explicitFileType = wrapper.framework; includeInIndex = 0; path = TermCore.framework; sourceTree = BUILT_PRODUCTS_DIR; };
		E30920B62C23FF6800B6D264 /* TermCore.h */ = {isa = PBXFileReference; lastKnownFileType = sourcecode.c.h; path = TermCore.h; sourceTree = "<group>"; };
		E30920BB2C23FF6800B6D264 /* TermCoreTests.xctest */ = {isa = PBXFileReference; explicitFileType = wrapper.cfbundle; includeInIndex = 0; path = TermCoreTests.xctest; sourceTree = BUILT_PRODUCTS_DIR; };
		E30920C22C23FF6800B6D264 /* TermCoreTests.swift */ = {isa = PBXFileReference; lastKnownFileType = sourcecode.swift; path = TermCoreTests.swift; sourceTree = "<group>"; };
		E30920D52C23FF7800B6D264 /* TermUI.framework */ = {isa = PBXFileReference; explicitFileType = wrapper.framework; includeInIndex = 0; path = TermUI.framework; sourceTree = BUILT_PRODUCTS_DIR; };
		E30920D72C23FF7800B6D264 /* TermUI.h */ = {isa = PBXFileReference; lastKnownFileType = sourcecode.c.h; path = TermUI.h; sourceTree = "<group>"; };
		E30920DC2C23FF7800B6D264 /* TermUITests.xctest */ = {isa = PBXFileReference; explicitFileType = wrapper.cfbundle; includeInIndex = 0; path = TermUITests.xctest; sourceTree = BUILT_PRODUCTS_DIR; };
		E30920E32C23FF7800B6D264 /* TermUITests.swift */ = {isa = PBXFileReference; lastKnownFileType = sourcecode.swift; path = TermUITests.swift; sourceTree = "<group>"; };
		E36EA6F82C73BECC00F9A403 /* RingBuffer.swift */ = {isa = PBXFileReference; lastKnownFileType = sourcecode.swift; path = RingBuffer.swift; sourceTree = "<group>"; };
		E39E64772C3DC7BA0035B75D /* CircularCollection.swift */ = {isa = PBXFileReference; lastKnownFileType = sourcecode.swift; path = CircularCollection.swift; sourceTree = "<group>"; };
		E3A901002FA90100001A0001 /* TerminalIntegrationTests.swift */ = {isa = PBXFileReference; lastKnownFileType = sourcecode.swift; path = TerminalIntegrationTests.swift; sourceTree = "<group>"; };
		E3AA01012C80A10000AA0001 /* TerminalEvent.swift */ = {isa = PBXFileReference; lastKnownFileType = sourcecode.swift; path = TerminalEvent.swift; sourceTree = "<group>"; };
		E3AA01032C80A10000AA0001 /* TerminalParser.swift */ = {isa = PBXFileReference; lastKnownFileType = sourcecode.swift; path = TerminalParser.swift; sourceTree = "<group>"; };
		E3AA01052C80A10000AA0001 /* Cell.swift */ = {isa = PBXFileReference; lastKnownFileType = sourcecode.swift; path = Cell.swift; sourceTree = "<group>"; };
		E3AA01072C80A10000AA0001 /* ScreenModel.swift */ = {isa = PBXFileReference; lastKnownFileType = sourcecode.swift; path = ScreenModel.swift; sourceTree = "<group>"; };
		E3AA01092C80A10000AA0001 /* TerminalParserTests.swift */ = {isa = PBXFileReference; lastKnownFileType = sourcecode.swift; path = TerminalParserTests.swift; sourceTree = "<group>"; };
		E3AA010B2C80A10000AA0001 /* ScreenModelTests.swift */ = {isa = PBXFileReference; lastKnownFileType = sourcecode.swift; path = ScreenModelTests.swift; sourceTree = "<group>"; };
		E3AA010D2C80A10000AA0001 /* KeyEncoder.swift */ = {isa = PBXFileReference; lastKnownFileType = sourcecode.swift; path = KeyEncoder.swift; sourceTree = "<group>"; };
		E3AA010F2C80A20000AA0001 /* KeyEncoderTests.swift */ = {isa = PBXFileReference; lastKnownFileType = sourcecode.swift; path = KeyEncoderTests.swift; sourceTree = "<group>"; };
		E3BA01012C80B10000BA0001 /* GlyphAtlas.swift */ = {isa = PBXFileReference; lastKnownFileType = sourcecode.swift; path = GlyphAtlas.swift; sourceTree = "<group>"; };
		E3BB01102C80B10000BB0001 /* Shaders.metal */ = {isa = PBXFileReference; lastKnownFileType = sourcecode.metal; path = Shaders.metal; sourceTree = "<group>"; };
		E3C634DB2C34B23D00BF09C7 /* TermMessage.swift */ = {isa = PBXFileReference; lastKnownFileType = sourcecode.swift; path = TermMessage.swift; sourceTree = "<group>"; };
		E3C634DE2C34BDEB00BF09C7 /* Logging.swift */ = {isa = PBXFileReference; lastKnownFileType = sourcecode.swift; path = Logging.swift; sourceTree = "<group>"; };
		E3C634E02C3507E800BF09C7 /* ScreenBuffer.swift */ = {isa = PBXFileReference; lastKnownFileType = sourcecode.swift; path = ScreenBuffer.swift; sourceTree = "<group>"; };
		E3C6C9132C251E8600D1AC70 /* Shell.swift */ = {isa = PBXFileReference; lastKnownFileType = sourcecode.swift; path = Shell.swift; sourceTree = "<group>"; };
		E3CA58C02C3DF1D1008E8E05 /* TermView.swift */ = {isa = PBXFileReference; lastKnownFileType = sourcecode.swift; path = TermView.swift; sourceTree = "<group>"; };
		E3CA58D02C3DF1D1008E8E05 /* RenderCoordinator.swift */ = {isa = PBXFileReference; lastKnownFileType = sourcecode.swift; path = RenderCoordinator.swift; sourceTree = "<group>"; };
		E3CC01012F87A10000CC0001 /* PseudoTerminalTests.swift */ = {isa = PBXFileReference; lastKnownFileType = sourcecode.swift; path = PseudoTerminalTests.swift; sourceTree = "<group>"; };
		E3CD420F2F88B8D200B5D830 /* rtermd */ = {isa = PBXFileReference; explicitFileType = "compiled.mach-o.executable"; includeInIndex = 0; path = rtermd; sourceTree = BUILT_PRODUCTS_DIR; };
		E3CD94002F882B3900B5D830 /* CLAUDE.md */ = {isa = PBXFileReference; lastKnownFileType = net.daringfireball.markdown; path = CLAUDE.md; sourceTree = "<group>"; };
		E3CD94012F882B4200B5D830 /* README.md */ = {isa = PBXFileReference; lastKnownFileType = net.daringfireball.markdown; path = README.md; sourceTree = "<group>"; };
		E3DC01002F89B10000DC0001 /* DaemonClient.swift */ = {isa = PBXFileReference; lastKnownFileType = sourcecode.swift; path = DaemonClient.swift; sourceTree = "<group>"; };
		E3DD01002F88C10000DD0001 /* CodableTests.swift */ = {isa = PBXFileReference; lastKnownFileType = sourcecode.swift; path = CodableTests.swift; sourceTree = "<group>"; };
		E3E00EDE2C277F8E00DE1213 /* Agent.swift */ = {isa = PBXFileReference; lastKnownFileType = sourcecode.swift; path = Agent.swift; sourceTree = "<group>"; };
		E3E00EE22C27816600DE1213 /* PseudoTerminal.swift */ = {isa = PBXFileReference; lastKnownFileType = sourcecode.swift; path = PseudoTerminal.swift; sourceTree = "<group>"; };
		E3E00EE42C2781CC00DE1213 /* PTY.swift */ = {isa = PBXFileReference; lastKnownFileType = sourcecode.swift; path = PTY.swift; sourceTree = "<group>"; };
		E3E00EE62C279ABC00DE1213 /* rTerm.entitlements */ = {isa = PBXFileReference; lastKnownFileType = text.plist.entitlements; path = rTerm.entitlements; sourceTree = "<group>"; };
		E3EE01002F88D10000EE0001 /* DaemonProtocol.swift */ = {isa = PBXFileReference; lastKnownFileType = sourcecode.swift; path = DaemonProtocol.swift; sourceTree = "<group>"; };
		E3EE01022F88D10000EE0002 /* DaemonProtocolTests.swift */ = {isa = PBXFileReference; lastKnownFileType = sourcecode.swift; path = DaemonProtocolTests.swift; sourceTree = "<group>"; };
		E3F1CA012F900110001F0001 /* TerminalColor.swift */ = {isa = PBXFileReference; lastKnownFileType = sourcecode.swift; path = TerminalColor.swift; sourceTree = "<group>"; };
		E3F1CA032F900110001F0001 /* CellStyle.swift */ = {isa = PBXFileReference; lastKnownFileType = sourcecode.swift; path = CellStyle.swift; sourceTree = "<group>"; };
		E3F1CA052F900110001F0001 /* CellStyleTests.swift */ = {isa = PBXFileReference; lastKnownFileType = sourcecode.swift; path = CellStyleTests.swift; sourceTree = "<group>"; };
		E3F2CA012F900120001F0001 /* C0Control.swift */ = {isa = PBXFileReference; lastKnownFileType = sourcecode.swift; path = C0Control.swift; sourceTree = "<group>"; };
		E3F2CA032F900120001F0001 /* CSICommand.swift */ = {isa = PBXFileReference; lastKnownFileType = sourcecode.swift; path = CSICommand.swift; sourceTree = "<group>"; };
		E3F2CA052F900120001F0001 /* OSCCommand.swift */ = {isa = PBXFileReference; lastKnownFileType = sourcecode.swift; path = OSCCommand.swift; sourceTree = "<group>"; };
		E3F2CA072F900120001F0001 /* SGRAttribute.swift */ = {isa = PBXFileReference; lastKnownFileType = sourcecode.swift; path = SGRAttribute.swift; sourceTree = "<group>"; };
		E3F2CA092F900120001F0001 /* DECPrivateMode.swift */ = {isa = PBXFileReference; lastKnownFileType = sourcecode.swift; path = DECPrivateMode.swift; sourceTree = "<group>"; };
		E3F3CA012F900130001F0001 /* TerminalModes.swift */ = {isa = PBXFileReference; lastKnownFileType = sourcecode.swift; path = TerminalModes.swift; sourceTree = "<group>"; };
		E3F7CA012F900170001F0001 /* AttachPayload.swift */ = {isa = PBXFileReference; lastKnownFileType = sourcecode.swift; path = AttachPayload.swift; sourceTree = "<group>"; };
		E3F8CA012F900180001F0001 /* RGBA.swift */ = {isa = PBXFileReference; lastKnownFileType = sourcecode.swift; path = RGBA.swift; sourceTree = "<group>"; };
		E3F8CA032F900180001F0001 /* ColorDepth.swift */ = {isa = PBXFileReference; lastKnownFileType = sourcecode.swift; path = ColorDepth.swift; sourceTree = "<group>"; };
		E3F8CA052F900180001F0001 /* TerminalPalette.swift */ = {isa = PBXFileReference; lastKnownFileType = sourcecode.swift; path = TerminalPalette.swift; sourceTree = "<group>"; };
		E3F8CA072F900180001F0001 /* AppSettings.swift */ = {isa = PBXFileReference; lastKnownFileType = sourcecode.swift; path = AppSettings.swift; sourceTree = "<group>"; };
		E3F8CA092F900180001F0001 /* ColorProjection.swift */ = {isa = PBXFileReference; lastKnownFileType = sourcecode.swift; path = ColorProjection.swift; sourceTree = "<group>"; };
		E3F8CA0B2F900180001F0001 /* ColorProjectionTests.swift */ = {isa = PBXFileReference; lastKnownFileType = sourcecode.swift; path = ColorProjectionTests.swift; sourceTree = "<group>"; };
		E3F9CA012F900190001F0001 /* ScreenSnapshot.swift */ = {isa = PBXFileReference; lastKnownFileType = sourcecode.swift; path = ScreenSnapshot.swift; sourceTree = "<group>"; };
		E3FA01012FA90600001A0001 /* ScrollbackHistory.swift */ = {isa = PBXFileReference; lastKnownFileType = sourcecode.swift; path = ScrollbackHistory.swift; sourceTree = "<group>"; };
		E3FA01032FA90600001A0001 /* ScrollbackHistoryTests.swift */ = {isa = PBXFileReference; lastKnownFileType = sourcecode.swift; path = ScrollbackHistoryTests.swift; sourceTree = "<group>"; };
/* End PBXFileReference section */

/* Begin PBXFileSystemSynchronizedGroupBuildPhaseMembershipExceptionSet section */
		E3CD0BC02F898A2F00B5D830 /* Exceptions for "rtermd" folder in "Copy launchd plist" phase from "rTerm" target */ = {
			isa = PBXFileSystemSynchronizedGroupBuildPhaseMembershipExceptionSet;
			attributesByRelativePath = {
				com.ronnyf.rterm.rtermd.plist = (CodeSignOnCopy, );
			};
			buildPhase = E3CD0BBC2F89882100B5D830 /* Copy launchd plist */;
			membershipExceptions = (
				com.ronnyf.rterm.rtermd.plist,
			);
		};
/* End PBXFileSystemSynchronizedGroupBuildPhaseMembershipExceptionSet section */

/* Begin PBXFileSystemSynchronizedRootGroup section */
		E3B98F432F84654200FC0610 /* docs */ = {
			isa = PBXFileSystemSynchronizedRootGroup;
			path = docs;
			sourceTree = "<group>";
		};
		E3CD42102F88B8D200B5D830 /* rtermd */ = {
			isa = PBXFileSystemSynchronizedRootGroup;
			exceptions = (
				E3CD0BC02F898A2F00B5D830 /* Exceptions for "rtermd" folder in "Copy launchd plist" phase from "rTerm" target */,
			);
			path = rtermd;
			sourceTree = "<group>";
		};
		E3D8FE1F2FA44CB100343D51 /* Config */ = {
			isa = PBXFileSystemSynchronizedRootGroup;
			path = Config;
			sourceTree = "<group>";
		};
/* End PBXFileSystemSynchronizedRootGroup section */

/* Begin PBXFrameworksBuildPhase section */
		E309207E2C23FF0600B6D264 /* Frameworks */ = {
			isa = PBXFrameworksBuildPhase;
			files = (
				E30920E82C23FF7800B6D264 /* TermUI.framework in Frameworks */,
				E342B09F2F89BA9200AE8AE8 /* TermCore.framework in Frameworks */,
			);
		};
		E309208F2C23FF0800B6D264 /* Frameworks */ = {
			isa = PBXFrameworksBuildPhase;
			files = (
			);
		};
		E30920992C23FF0800B6D264 /* Frameworks */ = {
			isa = PBXFrameworksBuildPhase;
			files = (
			);
		};
		E30920B12C23FF6800B6D264 /* Frameworks */ = {
			isa = PBXFrameworksBuildPhase;
			files = (
				E352C4192C2A851400A15DE9 /* AsyncAlgorithms in Frameworks */,
			);
		};
		E30920B82C23FF6800B6D264 /* Frameworks */ = {
			isa = PBXFrameworksBuildPhase;
			files = (
				E3984D1D2F881BBA00E1859B /* TermCore.framework in Frameworks */,
			);
		};
		E30920D22C23FF7800B6D264 /* Frameworks */ = {
			isa = PBXFrameworksBuildPhase;
			files = (
			);
		};
		E30920D92C23FF7800B6D264 /* Frameworks */ = {
			isa = PBXFrameworksBuildPhase;
			files = (
				E30920DD2C23FF7800B6D264 /* TermUI.framework in Frameworks */,
			);
		};
		E3CD420C2F88B8D200B5D830 /* Frameworks */ = {
			isa = PBXFrameworksBuildPhase;
			files = (
				E3FF01002F89A10000FF0001 /* TermCore.framework in Frameworks */,
			);
		};
/* End PBXFrameworksBuildPhase section */

/* Begin PBXGroup section */
		E30920782C23FF0600B6D264 = {
			isa = PBXGroup;
			children = (
				E3CD94012F882B4200B5D830 /* README.md */,
				E3CD94002F882B3900B5D830 /* CLAUDE.md */,
				E3B98F432F84654200FC0610 /* docs */,
				E3D8FE1F2FA44CB100343D51 /* Config */,
				E30920832C23FF0600B6D264 /* rTerm */,
				E30920952C23FF0800B6D264 /* rTermTests */,
				E309209F2C23FF0800B6D264 /* rTermUITests */,
				E30920B52C23FF6800B6D264 /* TermCore */,
				E30920C12C23FF6800B6D264 /* TermCoreTests */,
				E30920D62C23FF7800B6D264 /* TermUI */,
				E30920E22C23FF7800B6D264 /* TermUITests */,
				E3CD42102F88B8D200B5D830 /* rtermd */,
				E30920822C23FF0600B6D264 /* Products */,
				E35D37AC2C2B5E6300F6CF07 /* Frameworks */,
			);
			sourceTree = "<group>";
		};
		E30920822C23FF0600B6D264 /* Products */ = {
			isa = PBXGroup;
			children = (
				E30920812C23FF0600B6D264 /* rTerm.app */,
				E30920922C23FF0800B6D264 /* rTermTests.xctest */,
				E309209C2C23FF0800B6D264 /* rTermUITests.xctest */,
				E30920B42C23FF6800B6D264 /* TermCore.framework */,
				E30920BB2C23FF6800B6D264 /* TermCoreTests.xctest */,
				E30920D52C23FF7800B6D264 /* TermUI.framework */,
				E30920DC2C23FF7800B6D264 /* TermUITests.xctest */,
				E3CD420F2F88B8D200B5D830 /* rtermd */,
			);
			name = Products;
			sourceTree = "<group>";
		};
		E30920832C23FF0600B6D264 /* rTerm */ = {
			isa = PBXGroup;
			children = (
				E30920842C23FF0600B6D264 /* rTermApp.swift */,
				E3CA58C02C3DF1D1008E8E05 /* TermView.swift */,
				E3CA58D02C3DF1D1008E8E05 /* RenderCoordinator.swift */,
				E3AA010D2C80A10000AA0001 /* KeyEncoder.swift */,
				E3BB01102C80B10000BB0001 /* Shaders.metal */,
				E3BA01012C80B10000BA0001 /* GlyphAtlas.swift */,
				E30920862C23FF0600B6D264 /* ContentView.swift */,
				E3F8CA012F900180001F0001 /* RGBA.swift */,
				E3F8CA032F900180001F0001 /* ColorDepth.swift */,
				E3F8CA052F900180001F0001 /* TerminalPalette.swift */,
				E3F8CA072F900180001F0001 /* AppSettings.swift */,
				E3F8CA092F900180001F0001 /* ColorProjection.swift */,
				E30920882C23FF0700B6D264 /* Assets.xcassets */,
				E3E00EE62C279ABC00DE1213 /* rTerm.entitlements */,
				E309208A2C23FF0700B6D264 /* Preview Content */,
			);
			path = rTerm;
			sourceTree = "<group>";
		};
		E309208A2C23FF0700B6D264 /* Preview Content */ = {
			isa = PBXGroup;
			children = (
				E309208B2C23FF0700B6D264 /* Preview Assets.xcassets */,
			);
			path = "Preview Content";
			sourceTree = "<group>";
		};
		E30920952C23FF0800B6D264 /* rTermTests */ = {
			isa = PBXGroup;
			children = (
				E30920962C23FF0800B6D264 /* rTermTests.swift */,
				E3AA010F2C80A20000AA0001 /* KeyEncoderTests.swift */,
				E3F8CA0B2F900180001F0001 /* ColorProjectionTests.swift */,
			);
			path = rTermTests;
			sourceTree = "<group>";
		};
		E309209F2C23FF0800B6D264 /* rTermUITests */ = {
			isa = PBXGroup;
			children = (
				E30920A02C23FF0800B6D264 /* rTermUITests.swift */,
				E30920A22C23FF0800B6D264 /* rTermUITestsLaunchTests.swift */,
			);
			path = rTermUITests;
			sourceTree = "<group>";
		};
		E30920B52C23FF6800B6D264 /* TermCore */ = {
			isa = PBXGroup;
			children = (
				E30920B62C23FF6800B6D264 /* TermCore.h */,
				E3C6C9132C251E8600D1AC70 /* Shell.swift */,
				E3E00EDE2C277F8E00DE1213 /* Agent.swift */,
				E3E00EE22C27816600DE1213 /* PseudoTerminal.swift */,
				E3E00EE42C2781CC00DE1213 /* PTY.swift */,
				E3C634DB2C34B23D00BF09C7 /* TermMessage.swift */,
				E3C634DE2C34BDEB00BF09C7 /* Logging.swift */,
				E3C634E02C3507E800BF09C7 /* ScreenBuffer.swift */,
				E39E64772C3DC7BA0035B75D /* CircularCollection.swift */,
				E36EA6F82C73BECC00F9A403 /* RingBuffer.swift */,
				E3AA01012C80A10000AA0001 /* TerminalEvent.swift */,
				E3AA01032C80A10000AA0001 /* TerminalParser.swift */,
				E3AA01052C80A10000AA0001 /* Cell.swift */,
				E3AA01072C80A10000AA0001 /* ScreenModel.swift */,
				E3DC01002F89B10000DC0001 /* DaemonClient.swift */,
				E3EE01002F88D10000EE0001 /* DaemonProtocol.swift */,
				E3F1CA012F900110001F0001 /* TerminalColor.swift */,
				E3F1CA032F900110001F0001 /* CellStyle.swift */,
				E3F2CA012F900120001F0001 /* C0Control.swift */,
				E3F2CA032F900120001F0001 /* CSICommand.swift */,
				E3F2CA052F900120001F0001 /* OSCCommand.swift */,
				E3F2CA072F900120001F0001 /* SGRAttribute.swift */,
				E3F2CA092F900120001F0001 /* DECPrivateMode.swift */,
				E3F3CA012F900130001F0001 /* TerminalModes.swift */,
				E3F7CA012F900170001F0001 /* AttachPayload.swift */,
				E3F9CA012F900190001F0001 /* ScreenSnapshot.swift */,
				E3FA01012FA90600001A0001 /* ScrollbackHistory.swift */,
			);
			path = TermCore;
			sourceTree = "<group>";
		};
		E30920C12C23FF6800B6D264 /* TermCoreTests */ = {
			isa = PBXGroup;
			children = (
				E30920C22C23FF6800B6D264 /* TermCoreTests.swift */,
				E3AA01092C80A10000AA0001 /* TerminalParserTests.swift */,
				E3AA010B2C80A10000AA0001 /* ScreenModelTests.swift */,
				E3CC01012F87A10000CC0001 /* PseudoTerminalTests.swift */,
				E3DD01002F88C10000DD0001 /* CodableTests.swift */,
				E3EE01022F88D10000EE0002 /* DaemonProtocolTests.swift */,
				E3F1CA052F900110001F0001 /* CellStyleTests.swift */,
				E3A901002FA90100001A0001 /* TerminalIntegrationTests.swift */,
				E3FA01032FA90600001A0001 /* ScrollbackHistoryTests.swift */,
			);
			path = TermCoreTests;
			sourceTree = "<group>";
		};
		E30920D62C23FF7800B6D264 /* TermUI */ = {
			isa = PBXGroup;
			children = (
				E30920D72C23FF7800B6D264 /* TermUI.h */,
			);
			path = TermUI;
			sourceTree = "<group>";
		};
		E30920E22C23FF7800B6D264 /* TermUITests */ = {
			isa = PBXGroup;
			children = (
				E30920E32C23FF7800B6D264 /* TermUITests.swift */,
			);
			path = TermUITests;
			sourceTree = "<group>";
		};
		E35D37AC2C2B5E6300F6CF07 /* Frameworks */ = {
			isa = PBXGroup;
			children = (
			);
			name = Frameworks;
			sourceTree = "<group>";
		};
/* End PBXGroup section */

/* Begin PBXHeadersBuildPhase section */
		E30920AF2C23FF6800B6D264 /* Headers */ = {
			isa = PBXHeadersBuildPhase;
			files = (
				E30920C42C23FF6800B6D264 /* TermCore.h in Headers */,
			);
		};
		E30920D02C23FF7800B6D264 /* Headers */ = {
			isa = PBXHeadersBuildPhase;
			files = (
				E30920E52C23FF7800B6D264 /* TermUI.h in Headers */,
			);
		};
/* End PBXHeadersBuildPhase section */

/* Begin PBXNativeTarget section */
		E30920802C23FF0600B6D264 /* rTerm */ = {
			isa = PBXNativeTarget;
			buildConfigurationList = E30920A62C23FF0800B6D264 /* Build configuration list for PBXNativeTarget "rTerm" */;
			buildPhases = (
				E309207D2C23FF0600B6D264 /* Sources */,
				E309207E2C23FF0600B6D264 /* Frameworks */,
				E309207F2C23FF0600B6D264 /* Resources */,
				E30920C92C23FF6800B6D264 /* Embed Frameworks */,
				E3D8EC1E2FA3CC3F00343D51 /* Embed rTermd in bundle */,
				E3CD0BBC2F89882100B5D830 /* Copy launchd plist */,
				E3CD0BC42F898CB100B5D830 /* Copy launchd plist - debug only */,
			);
			buildRules = (
			);
			dependencies = (
				E3CDC3052F89597200B5D830 /* PBXTargetDependency */,
				E30920C62C23FF6800B6D264 /* PBXTargetDependency */,
				E30920E72C23FF7800B6D264 /* PBXTargetDependency */,
			);
			name = rTerm;
			productName = rTerm;
			productReference = E30920812C23FF0600B6D264 /* rTerm.app */;
			productType = "com.apple.product-type.application";
		};
		E30920912C23FF0800B6D264 /* rTermTests */ = {
			isa = PBXNativeTarget;
			buildConfigurationList = E30920A92C23FF0800B6D264 /* Build configuration list for PBXNativeTarget "rTermTests" */;
			buildPhases = (
				E309208E2C23FF0800B6D264 /* Sources */,
				E309208F2C23FF0800B6D264 /* Frameworks */,
				E30920902C23FF0800B6D264 /* Resources */,
			);
			buildRules = (
			);
			dependencies = (
				E30920942C23FF0800B6D264 /* PBXTargetDependency */,
			);
			name = rTermTests;
			productName = rTermTests;
			productReference = E30920922C23FF0800B6D264 /* rTermTests.xctest */;
			productType = "com.apple.product-type.bundle.unit-test";
		};
		E309209B2C23FF0800B6D264 /* rTermUITests */ = {
			isa = PBXNativeTarget;
			buildConfigurationList = E30920AC2C23FF0800B6D264 /* Build configuration list for PBXNativeTarget "rTermUITests" */;
			buildPhases = (
				E30920982C23FF0800B6D264 /* Sources */,
				E30920992C23FF0800B6D264 /* Frameworks */,
				E309209A2C23FF0800B6D264 /* Resources */,
			);
			buildRules = (
			);
			dependencies = (
				E309209E2C23FF0800B6D264 /* PBXTargetDependency */,
			);
			name = rTermUITests;
			productName = rTermUITests;
			productReference = E309209C2C23FF0800B6D264 /* rTermUITests.xctest */;
			productType = "com.apple.product-type.bundle.ui-testing";
		};
		E30920B32C23FF6800B6D264 /* TermCore */ = {
			isa = PBXNativeTarget;
			buildConfigurationList = E30920CE2C23FF6800B6D264 /* Build configuration list for PBXNativeTarget "TermCore" */;
			buildPhases = (
				E30920AF2C23FF6800B6D264 /* Headers */,
				E30920B02C23FF6800B6D264 /* Sources */,
				E30920B12C23FF6800B6D264 /* Frameworks */,
				E30920B22C23FF6800B6D264 /* Resources */,
			);
			buildRules = (
			);
			name = TermCore;
			packageProductDependencies = (
				E352C4182C2A851400A15DE9 /* AsyncAlgorithms */,
			);
			productName = TermCore;
			productReference = E30920B42C23FF6800B6D264 /* TermCore.framework */;
			productType = "com.apple.product-type.framework";
		};
		E30920BA2C23FF6800B6D264 /* TermCoreTests */ = {
			isa = PBXNativeTarget;
			buildConfigurationList = E30920CF2C23FF6800B6D264 /* Build configuration list for PBXNativeTarget "TermCoreTests" */;
			buildPhases = (
				E30920B72C23FF6800B6D264 /* Sources */,
				E30920B82C23FF6800B6D264 /* Frameworks */,
				E30920B92C23FF6800B6D264 /* Resources */,
				E3984D1F2F881BBA00E1859B /* Embed Frameworks */,
			);
			buildRules = (
			);
			dependencies = (
				E30920BE2C23FF6800B6D264 /* PBXTargetDependency */,
				E30920C02C23FF6800B6D264 /* PBXTargetDependency */,
			);
			name = TermCoreTests;
			productName = TermCoreTests;
			productReference = E30920BB2C23FF6800B6D264 /* TermCoreTests.xctest */;
			productType = "com.apple.product-type.bundle.unit-test";
		};
		E30920D42C23FF7800B6D264 /* TermUI */ = {
			isa = PBXNativeTarget;
			buildConfigurationList = E30920EA2C23FF7800B6D264 /* Build configuration list for PBXNativeTarget "TermUI" */;
			buildPhases = (
				E30920D02C23FF7800B6D264 /* Headers */,
				E30920D12C23FF7800B6D264 /* Sources */,
				E30920D22C23FF7800B6D264 /* Frameworks */,
				E30920D32C23FF7800B6D264 /* Resources */,
			);
			buildRules = (
			);
			name = TermUI;
			productName = TermUI;
			productReference = E30920D52C23FF7800B6D264 /* TermUI.framework */;
			productType = "com.apple.product-type.framework";
		};
		E30920DB2C23FF7800B6D264 /* TermUITests */ = {
			isa = PBXNativeTarget;
			buildConfigurationList = E30920ED2C23FF7800B6D264 /* Build configuration list for PBXNativeTarget "TermUITests" */;
			buildPhases = (
				E30920D82C23FF7800B6D264 /* Sources */,
				E30920D92C23FF7800B6D264 /* Frameworks */,
				E30920DA2C23FF7800B6D264 /* Resources */,
			);
			buildRules = (
			);
			dependencies = (
				E30920DF2C23FF7800B6D264 /* PBXTargetDependency */,
				E30920E12C23FF7800B6D264 /* PBXTargetDependency */,
			);
			name = TermUITests;
			productName = TermUITests;
			productReference = E30920DC2C23FF7800B6D264 /* TermUITests.xctest */;
			productType = "com.apple.product-type.bundle.unit-test";
		};
		E3CD420E2F88B8D200B5D830 /* rtermd */ = {
			isa = PBXNativeTarget;
			buildConfigurationList = E3CD42132F88B8D200B5D830 /* Build configuration list for PBXNativeTarget "rtermd" */;
			buildPhases = (
				E3CD420B2F88B8D200B5D830 /* Sources */,
				E3CD420C2F88B8D200B5D830 /* Frameworks */,
				E3CD420D2F88B8D200B5D830 /* CopyFiles */,
			);
			buildRules = (
			);
			dependencies = (
				E3FF01042F89A10000FF0005 /* PBXTargetDependency */,
			);
			fileSystemSynchronizedGroups = (
				E3CD42102F88B8D200B5D830 /* rtermd */,
			);
			name = rtermd;
			productName = rtermd;
			productReference = E3CD420F2F88B8D200B5D830 /* rtermd */;
			productType = "com.apple.product-type.tool";
		};
/* End PBXNativeTarget section */

/* Begin PBXProject section */
		E30920792C23FF0600B6D264 /* Project object */ = {
			isa = PBXProject;
			attributes = {
				BuildIndependentTargetsInParallel = 1;
				LastSwiftUpdateCheck = 2700;
				LastUpgradeCheck = 2700;
				ORGANIZATIONNAME = "RFx Software Inc.";
				TargetAttributes = {
					E30920802C23FF0600B6D264 = {
						CreatedOnToolsVersion = 16.0;
					};
					E30920912C23FF0800B6D264 = {
						CreatedOnToolsVersion = 16.0;
						TestTargetID = E30920802C23FF0600B6D264;
					};
					E309209B2C23FF0800B6D264 = {
						CreatedOnToolsVersion = 16.0;
						TestTargetID = E30920802C23FF0600B6D264;
					};
					E30920B32C23FF6800B6D264 = {
						CreatedOnToolsVersion = 16.0;
						LastSwiftMigration = 1600;
					};
					E30920BA2C23FF6800B6D264 = {
						CreatedOnToolsVersion = 16.0;
						TestTargetID = E30920802C23FF0600B6D264;
					};
					E30920D42C23FF7800B6D264 = {
						CreatedOnToolsVersion = 16.0;
					};
					E30920DB2C23FF7800B6D264 = {
						CreatedOnToolsVersion = 16.0;
						TestTargetID = E30920802C23FF0600B6D264;
					};
					E3CD420E2F88B8D200B5D830 = {
						CreatedOnToolsVersion = 27.0;
					};
				};
			};
			buildConfigurationList = E309207C2C23FF0600B6D264 /* Build configuration list for PBXProject "rTerm" */;
			developmentRegion = en;
			hasScannedForEncodings = 0;
			knownRegions = (
				en,
				Base,
			);
			mainGroup = E30920782C23FF0600B6D264;
			packageReferences = (
				E352C4172C2A851400A15DE9 /* XCRemoteSwiftPackageReference "swift-async-algorithms" */,
			);
			preferredProjectObjectVersion = 100;
			productRefGroup = E30920822C23FF0600B6D264 /* Products */;
			projectDirPath = "";
			projectRoot = "";
			targets = (
				E30920802C23FF0600B6D264 /* rTerm */,
				E30920912C23FF0800B6D264 /* rTermTests */,
				E309209B2C23FF0800B6D264 /* rTermUITests */,
				E30920B32C23FF6800B6D264 /* TermCore */,
				E30920BA2C23FF6800B6D264 /* TermCoreTests */,
				E30920D42C23FF7800B6D264 /* TermUI */,
				E30920DB2C23FF7800B6D264 /* TermUITests */,
				E3CD420E2F88B8D200B5D830 /* rtermd */,
			);
		};
/* End PBXProject section */

/* Begin PBXResourcesBuildPhase section */
		E309207F2C23FF0600B6D264 /* Resources */ = {
			isa = PBXResourcesBuildPhase;
			files = (
				E309208C2C23FF0700B6D264 /* Preview Assets.xcassets in Resources */,
				E30920892C23FF0700B6D264 /* Assets.xcassets in Resources */,
			);
		};
		E30920902C23FF0800B6D264 /* Resources */ = {
			isa = PBXResourcesBuildPhase;
			files = (
			);
		};
		E309209A2C23FF0800B6D264 /* Resources */ = {
			isa = PBXResourcesBuildPhase;
			files = (
			);
		};
		E30920B22C23FF6800B6D264 /* Resources */ = {
			isa = PBXResourcesBuildPhase;
			files = (
			);
		};
		E30920B92C23FF6800B6D264 /* Resources */ = {
			isa = PBXResourcesBuildPhase;
			files = (
			);
		};
		E30920D32C23FF7800B6D264 /* Resources */ = {
			isa = PBXResourcesBuildPhase;
			files = (
			);
		};
		E30920DA2C23FF7800B6D264 /* Resources */ = {
			isa = PBXResourcesBuildPhase;
			files = (
			);
		};
/* End PBXResourcesBuildPhase section */

/* Begin PBXShellScriptBuildPhase section */
		E3CD0BC42F898CB100B5D830 /* Copy launchd plist - debug only */ = {
			isa = PBXShellScriptBuildPhase;
			alwaysOutOfDate = 1;
			inputPaths = (
				"$(SRCROOT)/scripts/uninstall-debug-daemon.sh",
				"$(SRCROOT)/scripts/install-debug-daemon.sh",
			);
			name = "Copy launchd plist - debug only";
			shellPath = /bin/sh;
			shellScript = (
				"#uninstall: (should run first)",
				"source \"${SCRIPT_INPUT_FILE_0}\"",
				"#install:",
				"source \"${SCRIPT_INPUT_FILE_1}\"",
				"",
				"",
			);
		};
/* End PBXShellScriptBuildPhase section */

/* Begin PBXSourcesBuildPhase section */
		E309207D2C23FF0600B6D264 /* Sources */ = {
			isa = PBXSourcesBuildPhase;
			files = (
				E30920872C23FF0600B6D264 /* ContentView.swift in Sources */,
				E30920852C23FF0600B6D264 /* rTermApp.swift in Sources */,
				E3CA58C12C3DF1D1008E8E05 /* TermView.swift in Sources */,
				E3CA58D12C3DF1D1008E8E05 /* RenderCoordinator.swift in Sources */,
				E3AA010E2C80A10000AA0001 /* KeyEncoder.swift in Sources */,
				E3BB01112C80B10000BB0001 /* Shaders.metal in Sources */,
				E3BA01022C80B10000BA0001 /* GlyphAtlas.swift in Sources */,
				E3F8CA022F900180001F0001 /* RGBA.swift in Sources */,
				E3F8CA042F900180001F0001 /* ColorDepth.swift in Sources */,
				E3F8CA062F900180001F0001 /* TerminalPalette.swift in Sources */,
				E3F8CA082F900180001F0001 /* AppSettings.swift in Sources */,
				E3F8CA0A2F900180001F0001 /* ColorProjection.swift in Sources */,
			);
		};
		E309208E2C23FF0800B6D264 /* Sources */ = {
			isa = PBXSourcesBuildPhase;
			files = (
				E30920972C23FF0800B6D264 /* rTermTests.swift in Sources */,
				E3AA01102C80A20000AA0001 /* KeyEncoderTests.swift in Sources */,
				E3F8CA0C2F900180001F0001 /* ColorProjectionTests.swift in Sources */,
			);
		};
		E30920982C23FF0800B6D264 /* Sources */ = {
			isa = PBXSourcesBuildPhase;
			files = (
				E30920A12C23FF0800B6D264 /* rTermUITests.swift in Sources */,
				E30920A32C23FF0800B6D264 /* rTermUITestsLaunchTests.swift in Sources */,
			);
		};
		E30920B02C23FF6800B6D264 /* Sources */ = {
			isa = PBXSourcesBuildPhase;
			files = (
				E3C634DC2C34B23D00BF09C7 /* TermMessage.swift in Sources */,
				E3C634E12C3507E800BF09C7 /* ScreenBuffer.swift in Sources */,
				E39E64782C3DC7BA0035B75D /* CircularCollection.swift in Sources */,
				E3C6C9142C251E8600D1AC70 /* Shell.swift in Sources */,
				E36EA6F92C73BECC00F9A403 /* RingBuffer.swift in Sources */,
				E3E00EE52C2781CC00DE1213 /* PTY.swift in Sources */,
				E3E00EDF2C277F8E00DE1213 /* Agent.swift in Sources */,
				E3E00EE32C27816600DE1213 /* PseudoTerminal.swift in Sources */,
				E3C634DF2C34BDEB00BF09C7 /* Logging.swift in Sources */,
				E3AA01022C80A10000AA0001 /* TerminalEvent.swift in Sources */,
				E3AA01042C80A10000AA0001 /* TerminalParser.swift in Sources */,
				E3AA01062C80A10000AA0001 /* Cell.swift in Sources */,
				E3AA01082C80A10000AA0001 /* ScreenModel.swift in Sources */,
				E3DC01012F89B10000DC0001 /* DaemonClient.swift in Sources */,
				E3EE01012F88D10000EE0001 /* DaemonProtocol.swift in Sources */,
				E3F1CA022F900110001F0001 /* TerminalColor.swift in Sources */,
				E3F1CA042F900110001F0001 /* CellStyle.swift in Sources */,
				E3F2CA022F900120001F0001 /* C0Control.swift in Sources */,
				E3F2CA042F900120001F0001 /* CSICommand.swift in Sources */,
				E3F2CA062F900120001F0001 /* OSCCommand.swift in Sources */,
				E3F2CA082F900120001F0001 /* SGRAttribute.swift in Sources */,
				E3F2CA0A2F900120001F0001 /* DECPrivateMode.swift in Sources */,
				E3F3CA022F900130001F0001 /* TerminalModes.swift in Sources */,
				E3F7CA022F900170001F0001 /* AttachPayload.swift in Sources */,
				E3F9CA022F900190001F0001 /* ScreenSnapshot.swift in Sources */,
				E3FA01022FA90600001A0001 /* ScrollbackHistory.swift in Sources */,
			);
		};
		E30920B72C23FF6800B6D264 /* Sources */ = {
			isa = PBXSourcesBuildPhase;
			files = (
				E30920C32C23FF6800B6D264 /* TermCoreTests.swift in Sources */,
				E3AA010A2C80A10000AA0001 /* TerminalParserTests.swift in Sources */,
				E3AA010C2C80A10000AA0001 /* ScreenModelTests.swift in Sources */,
				E3CC01022F87A10000CC0001 /* PseudoTerminalTests.swift in Sources */,
				E3DD01012F88C10000DD0001 /* CodableTests.swift in Sources */,
				E3EE01032F88D10000EE0002 /* DaemonProtocolTests.swift in Sources */,
				E3F1CA062F900110001F0001 /* CellStyleTests.swift in Sources */,
				E3A901012FA90100001A0001 /* TerminalIntegrationTests.swift in Sources */,
				E3FA01042FA90600001A0001 /* ScrollbackHistoryTests.swift in Sources */,
			);
		};
		E30920D12C23FF7800B6D264 /* Sources */ = {
			isa = PBXSourcesBuildPhase;
			files = (
			);
		};
		E30920D82C23FF7800B6D264 /* Sources */ = {
			isa = PBXSourcesBuildPhase;
			files = (
				E30920E42C23FF7800B6D264 /* TermUITests.swift in Sources */,
			);
		};
		E3CD420B2F88B8D200B5D830 /* Sources */ = {
			isa = PBXSourcesBuildPhase;
			files = (
			);
		};
/* End PBXSourcesBuildPhase section */

/* Begin PBXTargetDependency section */
		E30920942C23FF0800B6D264 /* PBXTargetDependency */ = {
			isa = PBXTargetDependency;
			target = E30920802C23FF0600B6D264 /* rTerm */;
			targetProxy = E30920932C23FF0800B6D264 /* PBXContainerItemProxy */;
		};
		E309209E2C23FF0800B6D264 /* PBXTargetDependency */ = {
			isa = PBXTargetDependency;
			target = E30920802C23FF0600B6D264 /* rTerm */;
			targetProxy = E309209D2C23FF0800B6D264 /* PBXContainerItemProxy */;
		};
		E30920BE2C23FF6800B6D264 /* PBXTargetDependency */ = {
			isa = PBXTargetDependency;
			target = E30920B32C23FF6800B6D264 /* TermCore */;
			targetProxy = E30920BD2C23FF6800B6D264 /* PBXContainerItemProxy */;
		};
		E30920C02C23FF6800B6D264 /* PBXTargetDependency */ = {
			isa = PBXTargetDependency;
			target = E30920802C23FF0600B6D264 /* rTerm */;
			targetProxy = E30920BF2C23FF6800B6D264 /* PBXContainerItemProxy */;
		};
		E30920C62C23FF6800B6D264 /* PBXTargetDependency */ = {
			isa = PBXTargetDependency;
			target = E30920B32C23FF6800B6D264 /* TermCore */;
			targetProxy = E30920C52C23FF6800B6D264 /* PBXContainerItemProxy */;
		};
		E30920DF2C23FF7800B6D264 /* PBXTargetDependency */ = {
			isa = PBXTargetDependency;
			target = E30920D42C23FF7800B6D264 /* TermUI */;
			targetProxy = E30920DE2C23FF7800B6D264 /* PBXContainerItemProxy */;
		};
		E30920E12C23FF7800B6D264 /* PBXTargetDependency */ = {
			isa = PBXTargetDependency;
			target = E30920802C23FF0600B6D264 /* rTerm */;
			targetProxy = E30920E02C23FF7800B6D264 /* PBXContainerItemProxy */;
		};
		E30920E72C23FF7800B6D264 /* PBXTargetDependency */ = {
			isa = PBXTargetDependency;
			target = E30920D42C23FF7800B6D264 /* TermUI */;
			targetProxy = E30920E62C23FF7800B6D264 /* PBXContainerItemProxy */;
		};
		E3CDC3052F89597200B5D830 /* PBXTargetDependency */ = {
			isa = PBXTargetDependency;
			target = E3CD420E2F88B8D200B5D830 /* rtermd */;
			targetProxy = E3CDC3042F89597200B5D830 /* PBXContainerItemProxy */;
		};
		E3FF01042F89A10000FF0005 /* PBXTargetDependency */ = {
			isa = PBXTargetDependency;
			target = E30920B32C23FF6800B6D264 /* TermCore */;
			targetProxy = E3FF01022F89A10000FF0003 /* PBXContainerItemProxy */;
		};
/* End PBXTargetDependency section */

/* Begin XCBuildConfiguration section */
		E30920A42C23FF0800B6D264 /* Debug configuration for PBXProject "rTerm" */ = {
			isa = XCBuildConfiguration;
			baseConfigurationReferenceAnchor = E3D8FE1F2FA44CB100343D51 /* Config */;
			baseConfigurationReferenceRelativePath = Base_debug.xcconfig;
			buildSettings = {
			};
			name = Debug;
		};
		E30920A52C23FF0800B6D264 /* Release configuration for PBXProject "rTerm" */ = {
			isa = XCBuildConfiguration;
			baseConfigurationReferenceAnchor = E3D8FE1F2FA44CB100343D51 /* Config */;
			baseConfigurationReferenceRelativePath = Base_release.xcconfig;
			buildSettings = {
			};
			name = Release;
		};
		E30920A72C23FF0800B6D264 /* Debug configuration for PBXNativeTarget "rTerm" */ = {
			isa = XCBuildConfiguration;
			baseConfigurationReferenceAnchor = E3D8FE1F2FA44CB100343D51 /* Config */;
			baseConfigurationReferenceRelativePath = rTerm.xcconfig;
			buildSettings = {
			};
			name = Debug;
		};
		E30920A82C23FF0800B6D264 /* Release configuration for PBXNativeTarget "rTerm" */ = {
			isa = XCBuildConfiguration;
			baseConfigurationReferenceAnchor = E3D8FE1F2FA44CB100343D51 /* Config */;
			baseConfigurationReferenceRelativePath = rTerm.xcconfig;
			buildSettings = {
			};
			name = Release;
		};
		E30920AA2C23FF0800B6D264 /* Debug configuration for PBXNativeTarget "rTermTests" */ = {
			isa = XCBuildConfiguration;
			baseConfigurationReferenceAnchor = E3D8FE1F2FA44CB100343D51 /* Config */;
			baseConfigurationReferenceRelativePath = rTermTests.xcconfig;
			buildSettings = {
			};
			name = Debug;
		};
		E30920AB2C23FF0800B6D264 /* Release configuration for PBXNativeTarget "rTermTests" */ = {
			isa = XCBuildConfiguration;
			baseConfigurationReferenceAnchor = E3D8FE1F2FA44CB100343D51 /* Config */;
			baseConfigurationReferenceRelativePath = rTermTests.xcconfig;
			buildSettings = {
			};
			name = Release;
		};
		E30920AD2C23FF0800B6D264 /* Debug configuration for PBXNativeTarget "rTermUITests" */ = {
			isa = XCBuildConfiguration;
			baseConfigurationReferenceAnchor = E3D8FE1F2FA44CB100343D51 /* Config */;
			baseConfigurationReferenceRelativePath = rTermUITests.xcconfig;
			buildSettings = {
			};
			name = Debug;
		};
		E30920AE2C23FF0800B6D264 /* Release configuration for PBXNativeTarget "rTermUITests" */ = {
			isa = XCBuildConfiguration;
			baseConfigurationReferenceAnchor = E3D8FE1F2FA44CB100343D51 /* Config */;
			baseConfigurationReferenceRelativePath = rTermUITests.xcconfig;
			buildSettings = {
			};
			name = Release;
		};
		E30920CA2C23FF6800B6D264 /* Debug configuration for PBXNativeTarget "TermCore" */ = {
			isa = XCBuildConfiguration;
			baseConfigurationReferenceAnchor = E3D8FE1F2FA44CB100343D51 /* Config */;
			baseConfigurationReferenceRelativePath = TermCore.xcconfig;
			buildSettings = {
			};
			name = Debug;
		};
		E30920CB2C23FF6800B6D264 /* Release configuration for PBXNativeTarget "TermCore" */ = {
			isa = XCBuildConfiguration;
			baseConfigurationReferenceAnchor = E3D8FE1F2FA44CB100343D51 /* Config */;
			baseConfigurationReferenceRelativePath = TermCore.xcconfig;
			buildSettings = {
			};
			name = Release;
		};
		E30920CC2C23FF6800B6D264 /* Debug configuration for PBXNativeTarget "TermCoreTests" */ = {
			isa = XCBuildConfiguration;
			baseConfigurationReferenceAnchor = E3D8FE1F2FA44CB100343D51 /* Config */;
			baseConfigurationReferenceRelativePath = TermCoreTests.xcconfig;
			buildSettings = {
			};
			name = Debug;
		};
		E30920CD2C23FF6800B6D264 /* Release configuration for PBXNativeTarget "TermCoreTests" */ = {
			isa = XCBuildConfiguration;
			baseConfigurationReferenceAnchor = E3D8FE1F2FA44CB100343D51 /* Config */;
			baseConfigurationReferenceRelativePath = TermCoreTests.xcconfig;
			buildSettings = {
			};
			name = Release;
		};
		E30920EB2C23FF7800B6D264 /* Debug configuration for PBXNativeTarget "TermUI" */ = {
			isa = XCBuildConfiguration;
			baseConfigurationReferenceAnchor = E3D8FE1F2FA44CB100343D51 /* Config */;
			baseConfigurationReferenceRelativePath = TermUI.xcconfig;
			buildSettings = {
			};
			name = Debug;
		};
		E30920EC2C23FF7800B6D264 /* Release configuration for PBXNativeTarget "TermUI" */ = {
			isa = XCBuildConfiguration;
			baseConfigurationReferenceAnchor = E3D8FE1F2FA44CB100343D51 /* Config */;
			baseConfigurationReferenceRelativePath = TermUI.xcconfig;
			buildSettings = {
			};
			name = Release;
		};
		E30920EE2C23FF7800B6D264 /* Debug configuration for PBXNativeTarget "TermUITests" */ = {
			isa = XCBuildConfiguration;
			baseConfigurationReferenceAnchor = E3D8FE1F2FA44CB100343D51 /* Config */;
			baseConfigurationReferenceRelativePath = TermUITests.xcconfig;
			buildSettings = {
			};
			name = Debug;
		};
		E30920EF2C23FF7800B6D264 /* Release configuration for PBXNativeTarget "TermUITests" */ = {
			isa = XCBuildConfiguration;
			baseConfigurationReferenceAnchor = E3D8FE1F2FA44CB100343D51 /* Config */;
			baseConfigurationReferenceRelativePath = TermUITests.xcconfig;
			buildSettings = {
			};
			name = Release;
		};
		E3CD42142F88B8D200B5D830 /* Debug configuration for PBXNativeTarget "rtermd" */ = {
			isa = XCBuildConfiguration;
			baseConfigurationReferenceAnchor = E3D8FE1F2FA44CB100343D51 /* Config */;
			baseConfigurationReferenceRelativePath = rtermd.xcconfig;
			buildSettings = {
			};
			name = Debug;
		};
		E3CD42152F88B8D200B5D830 /* Release configuration for PBXNativeTarget "rtermd" */ = {
			isa = XCBuildConfiguration;
			baseConfigurationReferenceAnchor = E3D8FE1F2FA44CB100343D51 /* Config */;
			baseConfigurationReferenceRelativePath = rtermd.xcconfig;
			buildSettings = {
			};
			name = Release;
		};
/* End XCBuildConfiguration section */

/* Begin XCConfigurationList section */
		E309207C2C23FF0600B6D264 /* Build configuration list for PBXProject "rTerm" */ = {
			isa = XCConfigurationList;
			buildConfigurations = (
				E30920A42C23FF0800B6D264 /* Debug configuration for PBXProject "rTerm" */,
				E30920A52C23FF0800B6D264 /* Release configuration for PBXProject "rTerm" */,
			);
			defaultConfigurationName = Release;
		};
		E30920A62C23FF0800B6D264 /* Build configuration list for PBXNativeTarget "rTerm" */ = {
			isa = XCConfigurationList;
			buildConfigurations = (
				E30920A72C23FF0800B6D264 /* Debug configuration for PBXNativeTarget "rTerm" */,
				E30920A82C23FF0800B6D264 /* Release configuration for PBXNativeTarget "rTerm" */,
			);
			defaultConfigurationName = Release;
		};
		E30920A92C23FF0800B6D264 /* Build configuration list for PBXNativeTarget "rTermTests" */ = {
			isa = XCConfigurationList;
			buildConfigurations = (
				E30920AA2C23FF0800B6D264 /* Debug configuration for PBXNativeTarget "rTermTests" */,
				E30920AB2C23FF0800B6D264 /* Release configuration for PBXNativeTarget "rTermTests" */,
			);
			defaultConfigurationName = Release;
		};
		E30920AC2C23FF0800B6D264 /* Build configuration list for PBXNativeTarget "rTermUITests" */ = {
			isa = XCConfigurationList;
			buildConfigurations = (
				E30920AD2C23FF0800B6D264 /* Debug configuration for PBXNativeTarget "rTermUITests" */,
				E30920AE2C23FF0800B6D264 /* Release configuration for PBXNativeTarget "rTermUITests" */,
			);
			defaultConfigurationName = Release;
		};
		E30920CE2C23FF6800B6D264 /* Build configuration list for PBXNativeTarget "TermCore" */ = {
			isa = XCConfigurationList;
			buildConfigurations = (
				E30920CA2C23FF6800B6D264 /* Debug configuration for PBXNativeTarget "TermCore" */,
				E30920CB2C23FF6800B6D264 /* Release configuration for PBXNativeTarget "TermCore" */,
			);
			defaultConfigurationName = Release;
		};
		E30920CF2C23FF6800B6D264 /* Build configuration list for PBXNativeTarget "TermCoreTests" */ = {
			isa = XCConfigurationList;
			buildConfigurations = (
				E30920CC2C23FF6800B6D264 /* Debug configuration for PBXNativeTarget "TermCoreTests" */,
				E30920CD2C23FF6800B6D264 /* Release configuration for PBXNativeTarget "TermCoreTests" */,
			);
			defaultConfigurationName = Release;
		};
		E30920EA2C23FF7800B6D264 /* Build configuration list for PBXNativeTarget "TermUI" */ = {
			isa = XCConfigurationList;
			buildConfigurations = (
				E30920EB2C23FF7800B6D264 /* Debug configuration for PBXNativeTarget "TermUI" */,
				E30920EC2C23FF7800B6D264 /* Release configuration for PBXNativeTarget "TermUI" */,
			);
			defaultConfigurationName = Release;
		};
		E30920ED2C23FF7800B6D264 /* Build configuration list for PBXNativeTarget "TermUITests" */ = {
			isa = XCConfigurationList;
			buildConfigurations = (
				E30920EE2C23FF7800B6D264 /* Debug configuration for PBXNativeTarget "TermUITests" */,
				E30920EF2C23FF7800B6D264 /* Release configuration for PBXNativeTarget "TermUITests" */,
			);
			defaultConfigurationName = Release;
		};
		E3CD42132F88B8D200B5D830 /* Build configuration list for PBXNativeTarget "rtermd" */ = {
			isa = XCConfigurationList;
			buildConfigurations = (
				E3CD42142F88B8D200B5D830 /* Debug configuration for PBXNativeTarget "rtermd" */,
				E3CD42152F88B8D200B5D830 /* Release configuration for PBXNativeTarget "rtermd" */,
			);
			defaultConfigurationName = Release;
		};
/* End XCConfigurationList section */

/* Begin XCRemoteSwiftPackageReference section */
		E352C4172C2A851400A15DE9 /* XCRemoteSwiftPackageReference "swift-async-algorithms" */ = {
			isa = XCRemoteSwiftPackageReference;
			repositoryURL = "https://github.com/apple/swift-async-algorithms.git";
			requirement = {
				kind = upToNextMajorVersion;
				minimumVersion = 1.1.0;
			};
		};
/* End XCRemoteSwiftPackageReference section */

/* Begin XCSwiftPackageProductDependency section */
		E352C4182C2A851400A15DE9 /* AsyncAlgorithms */ = {
			isa = XCSwiftPackageProductDependency;
			package = E352C4172C2A851400A15DE9 /* XCRemoteSwiftPackageReference "swift-async-algorithms" */;
			productName = AsyncAlgorithms;
		};
/* End XCSwiftPackageProductDependency section */
	};
	rootObject = E30920792C23FF0600B6D264 /* Project object */;
}
